
Microsoft Visual Studio Solution File, Format Version 12.00
# Visual Studio 15
VisualStudioVersion = 15.0.28307.539
MinimumVisualStudioVersion = 10.0.40219.1
Project("{FAE04EC0-301F-11D3-BF4B-00C04F79EFBC}") = "test0419_EDM_EntityDataModel", "test0419_EDM_EntityDataModel\test0419_EDM_EntityDataModel.csproj", "{38D82A5B-00A5-47E0-A06C-A26E2D960643}"
EndProject
Project("{FAE04EC0-301F-11D3-BF4B-00C04F79EFBC}") = "整理", "整理\整理.csproj", "{450CBE70-4CB4-4958-9D8C-0A4F86839DDE}"
EndProject
Global
	GlobalSection(SolutionConfigurationPlatforms) = preSolution
		Debug|Any CPU = Debug|Any CPU
		Release|Any CPU = Release|Any CPU
	EndGlobalSection
	GlobalSection(ProjectConfigurationPlatforms) = postSolution
		{38D82A5B-00A5-47E0-A06C-A26E2D960643}.Debug|Any CPU.ActiveCfg = Debug|Any CPU
		{38D82A5B-00A5-47E0-A06C-A26E2D960643}.Debug|Any CPU.Build.0 = Debug|Any CPU
		{38D82A5B-00A5-47E0-A06C-A26E2D960643}.Release|Any CPU.ActiveCfg = Release|Any CPU
		{38D82A5B-00A5-47E0-A06C-A26E2D960643}.Release|Any CPU.Build.0 = Release|Any CPU
		{450CBE70-4CB4-4958-9D8C-0A4F86839DDE}.Debug|Any CPU.ActiveCfg = Debug|Any CPU
		{450CBE70-4CB4-4958-9D8C-0A4F86839DDE}.Debug|Any CPU.Build.0 = Debug|Any CPU
		{450CBE70-4CB4-4958-9D8C-0A4F86839DDE}.Release|Any CPU.ActiveCfg = Release|Any CPU
		{450CBE70-4CB4-4958-9D8C-0A4F86839DDE}.Release|Any CPU.Build.0 = Release|Any CPU
	EndGlobalSection
	GlobalSection(SolutionProperties) = preSolution
		HideSolutionNode = FALSE
	EndGlobalSection
	GlobalSection(ExtensibilityGlobals) = postSolution
		SolutionGuid = {7CD1F372-0478-4B37-80ED-BC8BE4EE2B71}
	EndGlobalSection
EndGlobal
