
Microsoft Visual Studio Solution File, Format Version 12.00
# Visual Studio 15
VisualStudioVersion = 15.0.28307.539
MinimumVisualStudioVersion = 10.0.40219.1
Project("{FAE04EC0-301F-11D3-BF4B-00C04F79EFBC}") = "test0418_LINQ_Object", "test0418_LINQ_Object\test0418_LINQ_Object.csproj", "{51E48A1B-1860-4B5B-9B1B-61AF1CF46C85}"
EndProject
Global
	GlobalSection(SolutionConfigurationPlatforms) = preSolution
		Debug|Any CPU = Debug|Any CPU
		Release|Any CPU = Release|Any CPU
	EndGlobalSection
	GlobalSection(ProjectConfigurationPlatforms) = postSolution
		{51E48A1B-1860-4B5B-9B1B-61AF1CF46C85}.Debug|Any CPU.ActiveCfg = Debug|Any CPU
		{51E48A1B-1860-4B5B-9B1B-61AF1CF46C85}.Debug|Any CPU.Build.0 = Debug|Any CPU
		{51E48A1B-1860-4B5B-9B1B-61AF1CF46C85}.Release|Any CPU.ActiveCfg = Release|Any CPU
		{51E48A1B-1860-4B5B-9B1B-61AF1CF46C85}.Release|Any CPU.Build.0 = Release|Any CPU
	EndGlobalSection
	GlobalSection(SolutionProperties) = preSolution
		HideSolutionNode = FALSE
	EndGlobalSection
	GlobalSection(ExtensibilityGlobals) = postSolution
		SolutionGuid = {87B57F57-4F7B-4434-8C58-8B7B7B3B8A69}
	EndGlobalSection
EndGlobal
