
Microsoft Visual Studio Solution File, Format Version 12.00
# Visual Studio 15
VisualStudioVersion = 15.0.28307.539
MinimumVisualStudioVersion = 10.0.40219.1
Project("{FAE04EC0-301F-11D3-BF4B-00C04F79EFBC}") = "test0422_EXE", "test0422_EXE\test0422_EXE.csproj", "{3227101A-89C1-4CAE-8F85-CA8CD5B304EB}"
EndProject
Global
	GlobalSection(SolutionConfigurationPlatforms) = preSolution
		Debug|Any CPU = Debug|Any CPU
		Release|Any CPU = Release|Any CPU
	EndGlobalSection
	GlobalSection(ProjectConfigurationPlatforms) = postSolution
		{3227101A-89C1-4CAE-8F85-CA8CD5B304EB}.Debug|Any CPU.ActiveCfg = Debug|Any CPU
		{3227101A-89C1-4CAE-8F85-CA8CD5B304EB}.Debug|Any CPU.Build.0 = Debug|Any CPU
		{3227101A-89C1-4CAE-8F85-CA8CD5B304EB}.Release|Any CPU.ActiveCfg = Release|Any CPU
		{3227101A-89C1-4CAE-8F85-CA8CD5B304EB}.Release|Any CPU.Build.0 = Release|Any CPU
	EndGlobalSection
	GlobalSection(SolutionProperties) = preSolution
		HideSolutionNode = FALSE
	EndGlobalSection
	GlobalSection(ExtensibilityGlobals) = postSolution
		SolutionGuid = {5C60B684-4CD4-415B-AAD6-6501051EA51C}
	EndGlobalSection
EndGlobal
