
Microsoft Visual Studio Solution File, Format Version 12.00
# Visual Studio 15
VisualStudioVersion = 15.0.28307.539
MinimumVisualStudioVersion = 10.0.40219.1
Project("{FAE04EC0-301F-11D3-BF4B-00C04F79EFBC}") = "test0423_MasterPage", "test0423_MasterPage\test0423_MasterPage.csproj", "{08F96577-08D3-42E0-9695-CD3DB58A9282}"
EndProject
Global
	GlobalSection(SolutionConfigurationPlatforms) = preSolution
		Debug|Any CPU = Debug|Any CPU
		Release|Any CPU = Release|Any CPU
	EndGlobalSection
	GlobalSection(ProjectConfigurationPlatforms) = postSolution
		{08F96577-08D3-42E0-9695-CD3DB58A9282}.Debug|Any CPU.ActiveCfg = Debug|Any CPU
		{08F96577-08D3-42E0-9695-CD3DB58A9282}.Debug|Any CPU.Build.0 = Debug|Any CPU
		{08F96577-08D3-42E0-9695-CD3DB58A9282}.Release|Any CPU.ActiveCfg = Release|Any CPU
		{08F96577-08D3-42E0-9695-CD3DB58A9282}.Release|Any CPU.Build.0 = Release|Any CPU
	EndGlobalSection
	GlobalSection(SolutionProperties) = preSolution
		HideSolutionNode = FALSE
	EndGlobalSection
	GlobalSection(ExtensibilityGlobals) = postSolution
		SolutionGuid = {2FE1BA2B-3C1A-41E6-9271-53238FAA25D6}
	EndGlobalSection
EndGlobal
