
Microsoft Visual Studio Solution File, Format Version 12.00
# Visual Studio 15
VisualStudioVersion = 15.0.28307.539
MinimumVisualStudioVersion = 10.0.40219.1
Project("{FAE04EC0-301F-11D3-BF4B-00C04F79EFBC}") = "test0424_PassDataToView", "test0424_PassDataToView\test0424_PassDataToView.csproj", "{8B1929AA-1A2A-4C62-BB90-3CEEA4882949}"
EndProject
Global
	GlobalSection(SolutionConfigurationPlatforms) = preSolution
		Debug|Any CPU = Debug|Any CPU
		Release|Any CPU = Release|Any CPU
	EndGlobalSection
	GlobalSection(ProjectConfigurationPlatforms) = postSolution
		{8B1929AA-1A2A-4C62-BB90-3CEEA4882949}.Debug|Any CPU.ActiveCfg = Debug|Any CPU
		{8B1929AA-1A2A-4C62-BB90-3CEEA4882949}.Debug|Any CPU.Build.0 = Debug|Any CPU
		{8B1929AA-1A2A-4C62-BB90-3CEEA4882949}.Release|Any CPU.ActiveCfg = Release|Any CPU
		{8B1929AA-1A2A-4C62-BB90-3CEEA4882949}.Release|Any CPU.Build.0 = Release|Any CPU
	EndGlobalSection
	GlobalSection(SolutionProperties) = preSolution
		HideSolutionNode = FALSE
	EndGlobalSection
	GlobalSection(ExtensibilityGlobals) = postSolution
		SolutionGuid = {E65BA1E8-3CF8-4262-9ADF-E9273D0548EB}
	EndGlobalSection
EndGlobal
