
Microsoft Visual Studio Solution File, Format Version 12.00
# Visual Studio 15
VisualStudioVersion = 15.0.28307.539
MinimumVisualStudioVersion = 10.0.40219.1
Project("{FAE04EC0-301F-11D3-BF4B-00C04F79EFBC}") = "hw0423_", "hw0423_\hw0423_.csproj", "{441A0185-EAF4-4865-A13B-7E70B1F6DF28}"
EndProject
Global
	GlobalSection(SolutionConfigurationPlatforms) = preSolution
		Debug|Any CPU = Debug|Any CPU
		Release|Any CPU = Release|Any CPU
	EndGlobalSection
	GlobalSection(ProjectConfigurationPlatforms) = postSolution
		{441A0185-EAF4-4865-A13B-7E70B1F6DF28}.Debug|Any CPU.ActiveCfg = Debug|Any CPU
		{441A0185-EAF4-4865-A13B-7E70B1F6DF28}.Debug|Any CPU.Build.0 = Debug|Any CPU
		{441A0185-EAF4-4865-A13B-7E70B1F6DF28}.Release|Any CPU.ActiveCfg = Release|Any CPU
		{441A0185-EAF4-4865-A13B-7E70B1F6DF28}.Release|Any CPU.Build.0 = Release|Any CPU
	EndGlobalSection
	GlobalSection(SolutionProperties) = preSolution
		HideSolutionNode = FALSE
	EndGlobalSection
	GlobalSection(ExtensibilityGlobals) = postSolution
		SolutionGuid = {8830E999-89FF-4CF3-9788-A55AAB56392D}
	EndGlobalSection
EndGlobal
