
Microsoft Visual Studio Solution File, Format Version 12.00
# Visual Studio Version 16
VisualStudioVersion = 16.0.28803.452
MinimumVisualStudioVersion = 10.0.40219.1
Project("{FAE04EC0-301F-11D3-BF4B-00C04F79EFBC}") = "WebSocketClientSample", "WebSocketClientSample\WebSocketClientSample.csproj", "{BA2C137B-F7AF-4158-A415-05D042DD1623}"
EndProject
Global
	GlobalSection(SolutionConfigurationPlatforms) = preSolution
		Debug|Any CPU = Debug|Any CPU
		Release|Any CPU = Release|Any CPU
	EndGlobalSection
	GlobalSection(ProjectConfigurationPlatforms) = postSolution
		{BA2C137B-F7AF-4158-A415-05D042DD1623}.Debug|Any CPU.ActiveCfg = Debug|Any CPU
		{BA2C137B-F7AF-4158-A415-05D042DD1623}.Debug|Any CPU.Build.0 = Debug|Any CPU
		{BA2C137B-F7AF-4158-A415-05D042DD1623}.Release|Any CPU.ActiveCfg = Release|Any CPU
		{BA2C137B-F7AF-4158-A415-05D042DD1623}.Release|Any CPU.Build.0 = Release|Any CPU
	EndGlobalSection
	GlobalSection(SolutionProperties) = preSolution
		HideSolutionNode = FALSE
	EndGlobalSection
	GlobalSection(ExtensibilityGlobals) = postSolution
		SolutionGuid = {0D10B7E4-8AC1-4920-81EA-EDA4FE2818F8}
	EndGlobalSection
EndGlobal
