
Microsoft Visual Studio Solution File, Format Version 12.00
# Visual Studio 15
VisualStudioVersion = 15.0.28307.539
MinimumVisualStudioVersion = 10.0.40219.1
Project("{FAE04EC0-301F-11D3-BF4B-00C04F79EFBC}") = "test0426_Employee_hw", "test0426_Employee_hw\test0426_Employee_hw.csproj", "{EDC08E40-B6D5-4785-9002-C23306E06F75}"
EndProject
Global
	GlobalSection(SolutionConfigurationPlatforms) = preSolution
		Debug|Any CPU = Debug|Any CPU
		Release|Any CPU = Release|Any CPU
	EndGlobalSection
	GlobalSection(ProjectConfigurationPlatforms) = postSolution
		{EDC08E40-B6D5-4785-9002-C23306E06F75}.Debug|Any CPU.ActiveCfg = Debug|Any CPU
		{EDC08E40-B6D5-4785-9002-C23306E06F75}.Debug|Any CPU.Build.0 = Debug|Any CPU
		{EDC08E40-B6D5-4785-9002-C23306E06F75}.Release|Any CPU.ActiveCfg = Release|Any CPU
		{EDC08E40-B6D5-4785-9002-C23306E06F75}.Release|Any CPU.Build.0 = Release|Any CPU
	EndGlobalSection
	GlobalSection(SolutionProperties) = preSolution
		HideSolutionNode = FALSE
	EndGlobalSection
	GlobalSection(ExtensibilityGlobals) = postSolution
		SolutionGuid = {05B9534E-0C7B-42B4-84CE-D2F0BEF94F47}
	EndGlobalSection
EndGlobal
