
Microsoft Visual Studio Solution File, Format Version 12.00
# Visual Studio 15
VisualStudioVersion = 15.0.28307.539
MinimumVisualStudioVersion = 10.0.40219.1
Project("{FAE04EC0-301F-11D3-BF4B-00C04F79EFBC}") = "test0422_WebService", "test0422_WebService\test0422_WebService.csproj", "{A57BDEC8-4A6F-41A3-96E5-233359FDF002}"
EndProject
Global
	GlobalSection(SolutionConfigurationPlatforms) = preSolution
		Debug|Any CPU = Debug|Any CPU
		Release|Any CPU = Release|Any CPU
	EndGlobalSection
	GlobalSection(ProjectConfigurationPlatforms) = postSolution
		{A57BDEC8-4A6F-41A3-96E5-233359FDF002}.Debug|Any CPU.ActiveCfg = Debug|Any CPU
		{A57BDEC8-4A6F-41A3-96E5-233359FDF002}.Debug|Any CPU.Build.0 = Debug|Any CPU
		{A57BDEC8-4A6F-41A3-96E5-233359FDF002}.Release|Any CPU.ActiveCfg = Release|Any CPU
		{A57BDEC8-4A6F-41A3-96E5-233359FDF002}.Release|Any CPU.Build.0 = Release|Any CPU
	EndGlobalSection
	GlobalSection(SolutionProperties) = preSolution
		HideSolutionNode = FALSE
	EndGlobalSection
	GlobalSection(ExtensibilityGlobals) = postSolution
		SolutionGuid = {E2C144F4-CFCB-4745-BA35-F3D9BC430293}
	EndGlobalSection
EndGlobal
