
Microsoft Visual Studio Solution File, Format Version 12.00
# Visual Studio 15
VisualStudioVersion = 15.0.28307.539
MinimumVisualStudioVersion = 10.0.40219.1
Project("{FAE04EC0-301F-11D3-BF4B-00C04F79EFBC}") = "test0415_XML", "test0415_XML\test0415_XML.csproj", "{C69AD4D3-3176-409C-A9B1-FB1FD06DB7CD}"
EndProject
Global
	GlobalSection(SolutionConfigurationPlatforms) = preSolution
		Debug|Any CPU = Debug|Any CPU
		Release|Any CPU = Release|Any CPU
	EndGlobalSection
	GlobalSection(ProjectConfigurationPlatforms) = postSolution
		{C69AD4D3-3176-409C-A9B1-FB1FD06DB7CD}.Debug|Any CPU.ActiveCfg = Debug|Any CPU
		{C69AD4D3-3176-409C-A9B1-FB1FD06DB7CD}.Debug|Any CPU.Build.0 = Debug|Any CPU
		{C69AD4D3-3176-409C-A9B1-FB1FD06DB7CD}.Release|Any CPU.ActiveCfg = Release|Any CPU
		{C69AD4D3-3176-409C-A9B1-FB1FD06DB7CD}.Release|Any CPU.Build.0 = Release|Any CPU
	EndGlobalSection
	GlobalSection(SolutionProperties) = preSolution
		HideSolutionNode = FALSE
	EndGlobalSection
	GlobalSection(ExtensibilityGlobals) = postSolution
		SolutionGuid = {62D62DFD-E95D-4966-AE88-EADDCD4B809F}
	EndGlobalSection
EndGlobal
