
Microsoft Visual Studio Solution File, Format Version 12.00
# Visual Studio 15
VisualStudioVersion = 15.0.28307.539
MinimumVisualStudioVersion = 10.0.40219.1
Project("{FAE04EC0-301F-11D3-BF4B-00C04F79EFBC}") = "hw0416_WriteXML", "hw0416_WriteXML\hw0416_WriteXML.csproj", "{168688B8-5F52-4CD4-AD1D-76C14D913575}"
EndProject
Global
	GlobalSection(SolutionConfigurationPlatforms) = preSolution
		Debug|Any CPU = Debug|Any CPU
		Release|Any CPU = Release|Any CPU
	EndGlobalSection
	GlobalSection(ProjectConfigurationPlatforms) = postSolution
		{168688B8-5F52-4CD4-AD1D-76C14D913575}.Debug|Any CPU.ActiveCfg = Debug|Any CPU
		{168688B8-5F52-4CD4-AD1D-76C14D913575}.Debug|Any CPU.Build.0 = Debug|Any CPU
		{168688B8-5F52-4CD4-AD1D-76C14D913575}.Release|Any CPU.ActiveCfg = Release|Any CPU
		{168688B8-5F52-4CD4-AD1D-76C14D913575}.Release|Any CPU.Build.0 = Release|Any CPU
	EndGlobalSection
	GlobalSection(SolutionProperties) = preSolution
		HideSolutionNode = FALSE
	EndGlobalSection
	GlobalSection(ExtensibilityGlobals) = postSolution
		SolutionGuid = {58AE3E9C-C574-4859-A523-69EA4C451DA0}
	EndGlobalSection
EndGlobal
