
Microsoft Visual Studio Solution File, Format Version 12.00
# Visual Studio Version 16
VisualStudioVersion = 16.0.28803.352
MinimumVisualStudioVersion = 10.0.40219.1
Project("{F184B08F-C81C-45F6-A57F-5ABD9991F28F}") = "test0513_TensorFlow_core", "test0513_TensorFlow_core\test0513_TensorFlow_core.vbproj", "{220C88F8-2F54-42F0-B5B9-52679037502B}"
EndProject
Global
	GlobalSection(SolutionConfigurationPlatforms) = preSolution
		Debug|Any CPU = Debug|Any CPU
		Release|Any CPU = Release|Any CPU
	EndGlobalSection
	GlobalSection(ProjectConfigurationPlatforms) = postSolution
		{220C88F8-2F54-42F0-B5B9-52679037502B}.Debug|Any CPU.ActiveCfg = Debug|Any CPU
		{220C88F8-2F54-42F0-B5B9-52679037502B}.Debug|Any CPU.Build.0 = Debug|Any CPU
		{220C88F8-2F54-42F0-B5B9-52679037502B}.Release|Any CPU.ActiveCfg = Release|Any CPU
		{220C88F8-2F54-42F0-B5B9-52679037502B}.Release|Any CPU.Build.0 = Release|Any CPU
	EndGlobalSection
	GlobalSection(SolutionProperties) = preSolution
		HideSolutionNode = FALSE
	EndGlobalSection
	GlobalSection(ExtensibilityGlobals) = postSolution
		SolutionGuid = {DACD9C24-F50B-4421-96C5-BCEE1F153C91}
	EndGlobalSection
EndGlobal
